# Generated by pub
# See http://pub.dartlang.org/doc/glossary.html#lockfile

{"packages":{"browser":{"version":"0.5.1","source":"hosted","description":"browser"},"dart_web_toolkit":{"version":"0.3.7+1","source":"path","description":{"path":"C:/Users/Nican/Documents/GitHub/dart_web_toolkit","relative":false}},"js":{"version":"0.0.22","source":"hosted","description":"js"},"json_object":{"version":"1.0.15+2","source":"hosted","description":"json_object"},"meta":{"version":"0.5.1","source":"hosted","description":"meta"},"unittest":{"version":"0.5.1","source":"hosted","description":"unittest"}}}
